
Microsoft Visual Studio Solution File, Format Version 11.00
# Visual Studio 2010
Project("{FAE04EC0-301F-11D3-BF4B-00C04F79EFBC}") = "Assembly-CSharp-firstpass", "Assembly-CSharp-firstpass.csproj", "{788CFC20-924D-5C46-4317-9A442622B99C}"
EndProject
Project("{FAE04EC0-301F-11D3-BF4B-00C04F79EFBC}") = "Assembly-CSharp", "Assembly-CSharp.csproj", "{6FEAAA99-0C83-174D-F104-91F3ED9568C5}"
EndProject
Project("{FAE04EC0-301F-11D3-BF4B-00C04F79EFBC}") = "Assembly-CSharp-Editor-firstpass", "Assembly-CSharp-Editor-firstpass.csproj", "{6AE5510E-B020-77EB-1AF0-0596186A3860}"
EndProject
Global
	GlobalSection(SolutionConfigurationPlatforms) = preSolution
		Debug|Any CPU = Debug|Any CPU
		Release|Any CPU = Release|Any CPU
	EndGlobalSection
	GlobalSection(ProjectConfigurationPlatforms) = postSolution
		{788CFC20-924D-5C46-4317-9A442622B99C}.Debug|Any CPU.ActiveCfg = Debug|Any CPU
		{788CFC20-924D-5C46-4317-9A442622B99C}.Debug|Any CPU.Build.0 = Debug|Any CPU
		{788CFC20-924D-5C46-4317-9A442622B99C}.Release|Any CPU.ActiveCfg = Release|Any CPU
		{788CFC20-924D-5C46-4317-9A442622B99C}.Release|Any CPU.Build.0 = Release|Any CPU
		{6FEAAA99-0C83-174D-F104-91F3ED9568C5}.Debug|Any CPU.ActiveCfg = Debug|Any CPU
		{6FEAAA99-0C83-174D-F104-91F3ED9568C5}.Debug|Any CPU.Build.0 = Debug|Any CPU
		{6FEAAA99-0C83-174D-F104-91F3ED9568C5}.Release|Any CPU.ActiveCfg = Release|Any CPU
		{6FEAAA99-0C83-174D-F104-91F3ED9568C5}.Release|Any CPU.Build.0 = Release|Any CPU
		{6AE5510E-B020-77EB-1AF0-0596186A3860}.Debug|Any CPU.ActiveCfg = Debug|Any CPU
		{6AE5510E-B020-77EB-1AF0-0596186A3860}.Debug|Any CPU.Build.0 = Debug|Any CPU
		{6AE5510E-B020-77EB-1AF0-0596186A3860}.Release|Any CPU.ActiveCfg = Release|Any CPU
		{6AE5510E-B020-77EB-1AF0-0596186A3860}.Release|Any CPU.Build.0 = Release|Any CPU
	EndGlobalSection
	GlobalSection(SolutionProperties) = preSolution
		HideSolutionNode = FALSE
	EndGlobalSection
EndGlobal
